<Solution>
  <Folder Name="/.claude/">
    <File Path=".claude/settings.json" />
  </Folder>
  <Folder Name="/Pipelines/">
    <File Path="Pipelines/backend-deploy.yml" />
    <File Path="Pipelines/npm-api-package-deploy.yml" />
  </Folder>
  <Folder Name="/Services/" />
  <Folder Name="/Services/App/">
    <Project Path="Services/App/App.Application/App.Application.csproj" />
    <Project Path="Services/App/App.Domain/App.Domain.csproj" />
    <Project Path="Services/App/App.Infrastructure.Data/App.Infrastructure.Data.csproj" />
    <Project Path="Services/App/App.Infrastructure/App.Infrastructure.csproj" />
    <Project Path="Services/App/App.Web/App.Web.csproj" />
  </Folder>
  <Folder Name="/Services/Auth/">
    <Project Path="Services/Auth/Auth.Web/Auth.Web.csproj" />
  </Folder>
  <Folder Name="/Services/Plugins/">
    <Project Path="Services/Plugins/Plugins.AssemblyExtensions/Plugins.AssemblyExtensions.csproj" />
    <Project Path="Services/Plugins/Plugins.Authorization.Abstractions/Plugins.Authorization.Abstractions.csproj" />
    <Project Path="Services/Plugins/Plugins.Http.Extensions/Plugins.Http.Extensions.csproj" />
    <Project Path="Services/Plugins/Plugins.JsonMultipart.Abstractions/Plugins.JsonMultipart.Abstractions.csproj" />
    <Project Path="Services/Plugins/Plugins.JsonMultipart/Plugins.JsonMultipart.csproj" />
    <Project Path="Services/Plugins/Plugins.Logging.HttpClientLog/Plugins.Logging.HttpClientLog.csproj" />
    <Project Path="Services/Plugins/Plugins.Options/Plugins.Options.csproj" />
    <Project Path="Services/Plugins/Plugins.SharedExtensions/Plugins.SharedExtensions.csproj" />
    <Project Path="Services/Plugins/Plugins.StartupRunner/Plugins.StartupRunner.csproj" />
  </Folder>
  <Folder Name="/Solution Items/">
    <File Path=".editorconfig" />
    <File Path=".gitlab-ci.yml" />
    <File Path="CLAUDE.md" />
    <File Path="Directory.Build.props" />
    <File Path="env.example.json" />
    <File Path="openapitools.json" />
    <File Path="README.md" />
    <File Path="ts-gen-config.json" />
  </Folder>
  <Folder Name="/Tests/">
    <Project Path="Tests/Tests.App.Functional/Tests.App.Functional.csproj" />
    <Project Path="Tests/Tests.App.Integration/Tests.App.Integration.csproj" />
  </Folder>
  <Project Path="docker-compose.dcproj">
    <Build />
  </Project>
</Solution>
